
Microsoft Visual Studio Solution File, Format Version 12.00
# Visual Studio Version 17
VisualStudioVersion = 17.0.32014.148
MinimumVisualStudioVersion = 10.0.40219.1
Project("{FAE04EC0-301F-11D3-BF4B-00C04F79EFBC}") = "Lichen.Trace.Abstractions", "Lichen.Trace.Abstractions\Lichen.Trace.Abstractions.csproj", "{9C32CBAF-558C-4B78-AC08-8775720DC1C8}"
EndProject
Project("{9A19103F-16F7-4668-BE54-9A1E7A4F7556}") = "Lichen.Trace.Azure.Table", "Lichen.Trace.Azure.Table\Lichen.Trace.Azure.Table.csproj", "{B75E44B9-1203-4C3B-901E-E6DD84D6D8C5}"
EndProject
Global
	GlobalSection(SolutionConfigurationPlatforms) = preSolution
		Debug|Any CPU = Debug|Any CPU
		Release|Any CPU = Release|Any CPU
	EndGlobalSection
	GlobalSection(ProjectConfigurationPlatforms) = postSolution
		{9C32CBAF-558C-4B78-AC08-8775720DC1C8}.Debug|Any CPU.ActiveCfg = Debug|Any CPU
		{9C32CBAF-558C-4B78-AC08-8775720DC1C8}.Debug|Any CPU.Build.0 = Debug|Any CPU
		{9C32CBAF-558C-4B78-AC08-8775720DC1C8}.Release|Any CPU.ActiveCfg = Release|Any CPU
		{9C32CBAF-558C-4B78-AC08-8775720DC1C8}.Release|Any CPU.Build.0 = Release|Any CPU
		{B75E44B9-1203-4C3B-901E-E6DD84D6D8C5}.Debug|Any CPU.ActiveCfg = Debug|Any CPU
		{B75E44B9-1203-4C3B-901E-E6DD84D6D8C5}.Debug|Any CPU.Build.0 = Debug|Any CPU
		{B75E44B9-1203-4C3B-901E-E6DD84D6D8C5}.Release|Any CPU.ActiveCfg = Release|Any CPU
		{B75E44B9-1203-4C3B-901E-E6DD84D6D8C5}.Release|Any CPU.Build.0 = Release|Any CPU
	EndGlobalSection
	GlobalSection(SolutionProperties) = preSolution
		HideSolutionNode = FALSE
	EndGlobalSection
	GlobalSection(ExtensibilityGlobals) = postSolution
		SolutionGuid = {AB27002B-A1E4-4C64-9094-9D76179F391B}
	EndGlobalSection
EndGlobal
